
Microsoft Visual Studio Solution File, Format Version 12.00
Project("{FAE04EC0-301F-11D3-BF4B-00C04F79EFBC}") = "Lexer", "Lexer\Lexer.csproj", "{AABBEDDA-7358-417B-86A8-A73817B776A9}"
EndProject
Global
	GlobalSection(SolutionConfigurationPlatforms) = preSolution
		Debug|Any CPU = Debug|Any CPU
		Release|Any CPU = Release|Any CPU
	EndGlobalSection
	GlobalSection(ProjectConfigurationPlatforms) = postSolution
		{AABBEDDA-7358-417B-86A8-A73817B776A9}.Debug|Any CPU.ActiveCfg = Debug|Any CPU
		{AABBEDDA-7358-417B-86A8-A73817B776A9}.Debug|Any CPU.Build.0 = Debug|Any CPU
		{AABBEDDA-7358-417B-86A8-A73817B776A9}.Release|Any CPU.ActiveCfg = Release|Any CPU
		{AABBEDDA-7358-417B-86A8-A73817B776A9}.Release|Any CPU.Build.0 = Release|Any CPU
	EndGlobalSection
EndGlobal
